
Microsoft Visual Studio Solution File, Format Version 12.00
# Visual Studio Version 17
VisualStudioVersion = 17.6.33829.357
MinimumVisualStudioVersion = 10.0.40219.1
Project("{FAE04EC0-301F-11D3-BF4B-00C04F79EFBC}") = "FilmesAPI", "FilmesAPI.csproj", "{6B102FC8-326D-4B72-B67A-AF835B825FF1}"
EndProject
Global
	GlobalSection(SolutionConfigurationPlatforms) = preSolution
		Debug|Any CPU = Debug|Any CPU
		Release|Any CPU = Release|Any CPU
	EndGlobalSection
	GlobalSection(ProjectConfigurationPlatforms) = postSolution
		{6B102FC8-326D-4B72-B67A-AF835B825FF1}.Debug|Any CPU.ActiveCfg = Debug|Any CPU
		{6B102FC8-326D-4B72-B67A-AF835B825FF1}.Debug|Any CPU.Build.0 = Debug|Any CPU
		{6B102FC8-326D-4B72-B67A-AF835B825FF1}.Release|Any CPU.ActiveCfg = Release|Any CPU
		{6B102FC8-326D-4B72-B67A-AF835B825FF1}.Release|Any CPU.Build.0 = Release|Any CPU
	EndGlobalSection
	GlobalSection(SolutionProperties) = preSolution
		HideSolutionNode = FALSE
	EndGlobalSection
	GlobalSection(ExtensibilityGlobals) = postSolution
		SolutionGuid = {F3108706-2DF6-4444-9CCF-9D6A1B29E6A2}
	EndGlobalSection
EndGlobal
